Microsoft Visual Studio Solution File, Format Version 12.00
# Visual Studio Version 17
VisualStudioVersion = 17.5.2.0
MinimumVisualStudioVersion = 10.0.40219.1
Project("{FAE04EC0-301F-11D3-BF4B-00C04F79EFBC}") = "Lab2_cs", "Lab2_cs\Lab2_cs.csproj", "{343B1A8E-63BC-AC64-89C5-B0E9431A0FCF}"
EndProject
Global
	GlobalSection(SolutionConfigurationPlatforms) = preSolution
		Debug|Any CPU = Debug|Any CPU
		Release|Any CPU = Release|Any CPU
	EndGlobalSection
	GlobalSection(ProjectConfigurationPlatforms) = postSolution
		{343B1A8E-63BC-AC64-89C5-B0E9431A0FCF}.Debug|Any CPU.ActiveCfg = Debug|Any CPU
		{343B1A8E-63BC-AC64-89C5-B0E9431A0FCF}.Debug|Any CPU.Build.0 = Debug|Any CPU
		{343B1A8E-63BC-AC64-89C5-B0E9431A0FCF}.Release|Any CPU.ActiveCfg = Release|Any CPU
		{343B1A8E-63BC-AC64-89C5-B0E9431A0FCF}.Release|Any CPU.Build.0 = Release|Any CPU
	EndGlobalSection
	GlobalSection(SolutionProperties) = preSolution
		HideSolutionNode = FALSE
	EndGlobalSection
	GlobalSection(ExtensibilityGlobals) = postSolution
		SolutionGuid = {49FAA206-91AD-4552-9EF4-B3739D1420B6}
	EndGlobalSection
EndGlobal
